{
  "name": "avro-setup",
  "version": "1.0.0",
  "lockfileVersion": 1,
  "requires": true,
  "dependencies": {
    "@napi-rs/snappy-android-arm-eabi": {
      "version": "7.2.0",
      "resolved": "https://registry.npmjs.org/@napi-rs/snappy-android-arm-eabi/-/snappy-android-arm-eabi-7.2.0.tgz",
      "integrity": "sha512-gHMR/sRSO0wxCwJke9VLzpBQmKm4VytDSmvNDGtARj+0kpfhXa4I0GxVQb4MHY//nb5J/Hf/Axz4pLFCHtfhTg==",
      "optional": true
    },
    "@napi-rs/snappy-android-arm64": {
      "version": "7.2.0",
      "resolved": "https://registry.npmjs.org/@napi-rs/snappy-android-arm64/-/snappy-android-arm64-7.2.0.tgz",
      "integrity": "sha512-pvAjf0LhqaPKmL6duUTC83Mjo9c2AhKMjdhwiW3v0h9u471X6QzhPvBdns4Mb3Fh46nDaXYkXF5kWJmCA22R0Q==",
      "optional": true
    },
    "@napi-rs/snappy-darwin-arm64": {
      "version": "7.2.0",
      "resolved": "https://registry.npmjs.org/@napi-rs/snappy-darwin-arm64/-/snappy-darwin-arm64-7.2.0.tgz",
      "integrity": "sha512-EmJ3gFz76dSX2LmGqJoAfJn7LaPM8A35wluX16Svb4JE89d1c24Aeqm3NPmwYqBcCCEd2xm51c9LWdiToYExpA==",
      "optional": true
    },
    "@napi-rs/snappy-darwin-x64": {
      "version": "7.2.0",
      "resolved": "https://registry.npmjs.org/@napi-rs/snappy-darwin-x64/-/snappy-darwin-x64-7.2.0.tgz",
      "integrity": "sha512-jNlbi7qOMMrjDWkkfipa+IRY9vRW9ZlugisThZKuTsUweiNDZXGeAcF0YMGTxJo52Tu7dOPo1wlECFQHXj6VcQ==",
      "optional": true
    },
    "@napi-rs/snappy-freebsd-x64": {
      "version": "7.2.0",
      "resolved": "https://registry.npmjs.org/@napi-rs/snappy-freebsd-x64/-/snappy-freebsd-x64-7.2.0.tgz",
      "integrity": "sha512-GG05JO8tESZO4VchG9FYruemTdVxGpg486qZ6mVIuLddUmN1JgVQuyoMpu3oE8vg7y+lKxz8bCdiajZNfNiUaA==",
      "optional": true
    },
    "@napi-rs/snappy-linux-arm-gnueabihf": {
      "version": "7.2.0",
      "resolved": "https://registry.npmjs.org/@napi-rs/snappy-linux-arm-gnueabihf/-/snappy-linux-arm-gnueabihf-7.2.0.tgz",
      "integrity": "sha512-zJftw1qxR+F0OX9sHaLbULnm1XPBs3T9wxekKc0jKj/Ni+YtUbKlyxJ6ifFEdG6I71k8Nh0FN+ZF4SnPi1UPNw==",
      "optional": true
    },
    "@napi-rs/snappy-linux-arm64-gnu": {
      "version": "7.2.0",
      "resolved": "https://registry.npmjs.org/@napi-rs/snappy-linux-arm64-gnu/-/snappy-linux-arm64-gnu-7.2.0.tgz",
      "integrity": "sha512-AdOtMoUvNkf+TWd/fvIY5tlGIl61p0r9BTcODCnlPDn61kfoxU+1ekznuS8099iyctzo0PqK/alxMS+fUTJvCg==",
      "optional": true
    },
    "@napi-rs/snappy-linux-arm64-musl": {
      "version": "7.2.0",
      "resolved": "https://registry.npmjs.org/@napi-rs/snappy-linux-arm64-musl/-/snappy-linux-arm64-musl-7.2.0.tgz",
      "integrity": "sha512-5l3S5Pj4gQo05HyaZqsAXFqZOB2SzkcFpZtJ5OWV/K9hHuyiquhHS1RWq5xi/ymuHYRXoFtbFHZriU/H228cig==",
      "optional": true
    },
    "@napi-rs/snappy-linux-x64-gnu": {
      "version": "7.2.0",
      "resolved": "https://registry.npmjs.org/@napi-rs/snappy-linux-x64-gnu/-/snappy-linux-x64-gnu-7.2.0.tgz",
      "integrity": "sha512-h1GT7RJ145xFZkypk+7K9+mk5puM3cEo4Jxe3/a6Je17uZRdorXi2lfgmH9PRb+az1uUbWdvYi4eMHXCwR57Ow==",
      "optional": true
    },
    "@napi-rs/snappy-linux-x64-musl": {
      "version": "7.2.0",
      "resolved": "https://registry.npmjs.org/@napi-rs/snappy-linux-x64-musl/-/snappy-linux-x64-musl-7.2.0.tgz",
      "integrity": "sha512-S2f3pJ1bpiROKgBPuJlxKQ7dpoj+vAgSjgrORBl8ph8EAamtMjhISd9q5hZicz/FwN41KAY3lxMhaVTSWAQH6w==",
      "optional": true
    },
    "@napi-rs/snappy-win32-arm64-msvc": {
      "version": "7.2.0",
      "resolved": "https://registry.npmjs.org/@napi-rs/snappy-win32-arm64-msvc/-/snappy-win32-arm64-msvc-7.2.0.tgz",
      "integrity": "sha512-zxB3SZhksoW4mSCVUfWq/s2zflpH+FuODxH1IQJdU7pDjNlJk/EDw97ao5J2sH3+ZJ/w6nzVbPUfp62hWwLW5Q==",
      "optional": true
    },
    "@napi-rs/snappy-win32-ia32-msvc": {
      "version": "7.2.0",
      "resolved": "https://registry.npmjs.org/@napi-rs/snappy-win32-ia32-msvc/-/snappy-win32-ia32-msvc-7.2.0.tgz",
      "integrity": "sha512-rj/6KgBLAPZYSBU3yaNO9PjdcxyJi7uNWQjTc0C+13moaEbTGUbGLMq9AsCO2Sp0hj2xnuIdg6P43z3jKEsGJA==",
      "optional": true
    },
    "@napi-rs/snappy-win32-x64-msvc": {
      "version": "7.2.0",
      "resolved": "https://registry.npmjs.org/@napi-rs/snappy-win32-x64-msvc/-/snappy-win32-x64-msvc-7.2.0.tgz",
      "integrity": "sha512-PsdCOkXriQykqJP2stSoodet72McqEOlSIMBGsGM1ZGkFqeiDcPbb2fRddZiNOqf3HpQd8nKT2xjq4f7fFRPTg==",
      "optional": true
    },
    "avsc": {
      "version": "5.7.6",
      "resolved": "https://registry.npmjs.org/avsc/-/avsc-5.7.6.tgz",
      "integrity": "sha512-jyn9tfd9J3h7pgJSk4qQ/1c1Tk5qiXrvmdCDON2UjcFplqRu/KpmKmpi+Ess8ZKmmqK12U4Y3VHrfwQs1xSMZA=="
    },
    "buffer-crc32": {
      "version": "0.2.13",
      "resolved": "https://registry.npmjs.org/buffer-crc32/-/buffer-crc32-0.2.13.tgz",
      "integrity": "sha512-VO9Ht/+p3SN7SKWqcrgEzjGbRSJYTx+Q1pTQC0wrWqHx0vpJraQ6GtHx8tvcg1rlK1byhU5gccxgOgj7B0TDkQ=="
    },
    "snappy": {
      "version": "7.2.0",
      "resolved": "https://registry.npmjs.org/snappy/-/snappy-7.2.0.tgz",
      "integrity": "sha512-cyCcOQIiEz3pDAe0dIZ/SkrTIfnarXNcr9YMMuPywZZ0vAzV0rnv1QY0Jg7ABpFCoyawtUIO5rj4sdWnjEeN3g==",
      "requires": {
        "@napi-rs/snappy-android-arm-eabi": "7.2.0",
        "@napi-rs/snappy-android-arm64": "7.2.0",
        "@napi-rs/snappy-darwin-arm64": "7.2.0",
        "@napi-rs/snappy-darwin-x64": "7.2.0",
        "@napi-rs/snappy-freebsd-x64": "7.2.0",
        "@napi-rs/snappy-linux-arm-gnueabihf": "7.2.0",
        "@napi-rs/snappy-linux-arm64-gnu": "7.2.0",
        "@napi-rs/snappy-linux-arm64-musl": "7.2.0",
        "@napi-rs/snappy-linux-x64-gnu": "7.2.0",
        "@napi-rs/snappy-linux-x64-musl": "7.2.0",
        "@napi-rs/snappy-win32-arm64-msvc": "7.2.0",
        "@napi-rs/snappy-win32-ia32-msvc": "7.2.0",
        "@napi-rs/snappy-win32-x64-msvc": "7.2.0"
      }
    }
  }
}
